{
  "name": "pojs",
  "version": "0.6.1",
  "lockfileVersion": 1,
  "requires": true,
  "dependencies": {
    "lean-wrap": {
      "version": "0.2.28",
      "resolved": "https://registry.npmjs.org/lean-wrap/-/lean-wrap-0.2.28.tgz",
      "integrity": "sha512-IyxweYVYuUvm3+RhUFe5NaJprSB8+IU9GF6OXMY5GkSK+/FQoJ+UdzRh/9KS02kjnp7tPuQWBwp/hnzOjcGq9g==",
      "dev": true
    },
    "pico-common": {
      "version": "0.10.12",
      "resolved": "https://registry.npmjs.org/pico-common/-/pico-common-0.10.12.tgz",
      "integrity": "sha512-Km9aw7ubJhxvxTLnJ+XlW2ml4BaXU8xbdsYM1BWR62dnosbXOe/vxpmBDwYMssE+uyCWenDriZcZYbTqw9axEA==",
      "dev": true
    }
  }
}
