{
  "name": "pojs",
  "version": "0.6.10",
  "lockfileVersion": 1,
  "requires": true,
  "dependencies": {
    "lean-wrap": {
      "version": "0.2.32",
      "resolved": "https://registry.npmjs.org/lean-wrap/-/lean-wrap-0.2.32.tgz",
      "integrity": "sha512-RM1QbwOs47QrtAuNxtwXJ13XeNnMoOgEe6n2/ZDNMOEKThyL/4hTvh8hhCw2kyUQ5JYtomMS/jM6V7cigUqhZw==",
      "dev": true
    },
    "pico-common": {
      "version": "0.10.24",
      "resolved": "https://registry.npmjs.org/pico-common/-/pico-common-0.10.24.tgz",
      "integrity": "sha512-8qXzVYVIX70dxxAdrn2FHALUrEVYYT/Htk5jqc+t7q0isPRwooD2PvtsURbBsbJccMKY+fR3ckZydLAbKLajmw==",
      "dev": true
    }
  }
}
