{
  "name": "pojs",
  "version": "0.5.7",
  "lockfileVersion": 1,
  "requires": true,
  "dependencies": {
    "lean-wrap": {
      "version": "0.2.26",
      "resolved": "https://registry.npmjs.org/lean-wrap/-/lean-wrap-0.2.26.tgz",
      "integrity": "sha512-4HRa6TSi/r5jpVtM3d2MmaPinshY0RRKz+goD8rLR15/Jzo7QyurLAL9bF2NTKOYDJ/X4XL2joL718GtGGT38Q==",
      "dev": true
    },
    "pico-common": {
      "version": "0.10.12",
      "resolved": "https://registry.npmjs.org/pico-common/-/pico-common-0.10.12.tgz",
      "integrity": "sha512-Km9aw7ubJhxvxTLnJ+XlW2ml4BaXU8xbdsYM1BWR62dnosbXOe/vxpmBDwYMssE+uyCWenDriZcZYbTqw9axEA==",
      "dev": true
    }
  }
}
